
Microsoft Visual Studio Solution File, Format Version 12.00
# Visual Studio Version 17
VisualStudioVersion = 17.9.34714.143
MinimumVisualStudioVersion = 10.0.40219.1
Project("{FAE04EC0-301F-11D3-BF4B-00C04F79EFBC}") = "WetterdatenHeHe", "WetterdatenHeHe\WetterdatenHeHe.csproj", "{9379B26A-F710-4DA8-BE24-ED4B18AE90AF}"
EndProject
Global
	GlobalSection(SolutionConfigurationPlatforms) = preSolution
		Debug|Any CPU = Debug|Any CPU
		Release|Any CPU = Release|Any CPU
	EndGlobalSection
	GlobalSection(ProjectConfigurationPlatforms) = postSolution
		{9379B26A-F710-4DA8-BE24-ED4B18AE90AF}.Debug|Any CPU.ActiveCfg = Debug|Any CPU
		{9379B26A-F710-4DA8-BE24-ED4B18AE90AF}.Debug|Any CPU.Build.0 = Debug|Any CPU
		{9379B26A-F710-4DA8-BE24-ED4B18AE90AF}.Release|Any CPU.ActiveCfg = Release|Any CPU
		{9379B26A-F710-4DA8-BE24-ED4B18AE90AF}.Release|Any CPU.Build.0 = Release|Any CPU
	EndGlobalSection
	GlobalSection(SolutionProperties) = preSolution
		HideSolutionNode = FALSE
	EndGlobalSection
	GlobalSection(ExtensibilityGlobals) = postSolution
		SolutionGuid = {2D790196-4757-4938-B2BB-3D3EB1AD3DD3}
	EndGlobalSection
EndGlobal
